
Microsoft Visual Studio Solution File, Format Version 12.00
# Visual Studio Version 17
VisualStudioVersion = 17.14.36121.58 d17.14
MinimumVisualStudioVersion = 10.0.40219.1
Project("{FAE04EC0-301F-11D3-BF4B-00C04F79EFBC}") = "EBS-Rdp-Brute-Force-Detected", "EBS-Rdp-Brute-Force-Detected.csproj", "{10C2977E-0533-4BFD-AE11-61D5AD0E8789}"
EndProject
Global
	GlobalSection(SolutionConfigurationPlatforms) = preSolution
		Debug|Any CPU = Debug|Any CPU
		Release|Any CPU = Release|Any CPU
	EndGlobalSection
	GlobalSection(ProjectConfigurationPlatforms) = postSolution
		{10C2977E-0533-4BFD-AE11-61D5AD0E8789}.Debug|Any CPU.ActiveCfg = Debug|Any CPU
		{10C2977E-0533-4BFD-AE11-61D5AD0E8789}.Debug|Any CPU.Build.0 = Debug|Any CPU
		{10C2977E-0533-4BFD-AE11-61D5AD0E8789}.Release|Any CPU.ActiveCfg = Release|Any CPU
		{10C2977E-0533-4BFD-AE11-61D5AD0E8789}.Release|Any CPU.Build.0 = Release|Any CPU
	EndGlobalSection
	GlobalSection(SolutionProperties) = preSolution
		HideSolutionNode = FALSE
	EndGlobalSection
	GlobalSection(ExtensibilityGlobals) = postSolution
		SolutionGuid = {54DB4E2E-8376-4E52-B10F-1D3CF431D110}
	EndGlobalSection
EndGlobal
